
Microsoft Visual Studio Solution File, Format Version 12.00
# Visual Studio Version 17
VisualStudioVersion = 17.0.31912.275
MinimumVisualStudioVersion = 10.0.40219.1
Project("{9A19103F-16F7-4668-BE54-9A1E7A4F7556}") = "App", "src\App\App.csproj", "{5704C57A-A522-4376-9318-4329ECB82F0C}"
EndProject
Project("{9A19103F-16F7-4668-BE54-9A1E7A4F7556}") = "Lib", "src\Lib\Lib.csproj", "{C09FB50D-47EB-4B3F-AD59-3FB601B02B8D}"
EndProject
Global
	GlobalSection(SolutionConfigurationPlatforms) = preSolution
		Debug|Any CPU = Debug|Any CPU
		Release|Any CPU = Release|Any CPU
	EndGlobalSection
	GlobalSection(ProjectConfigurationPlatforms) = postSolution
		{5704C57A-A522-4376-9318-4329ECB82F0C}.Debug|Any CPU.ActiveCfg = Debug|Any CPU
		{5704C57A-A522-4376-9318-4329ECB82F0C}.Debug|Any CPU.Build.0 = Debug|Any CPU
		{5704C57A-A522-4376-9318-4329ECB82F0C}.Release|Any CPU.ActiveCfg = Release|Any CPU
		{5704C57A-A522-4376-9318-4329ECB82F0C}.Release|Any CPU.Build.0 = Release|Any CPU
		{C09FB50D-47EB-4B3F-AD59-3FB601B02B8D}.Debug|Any CPU.ActiveCfg = Debug|Any CPU
		{C09FB50D-47EB-4B3F-AD59-3FB601B02B8D}.Debug|Any CPU.Build.0 = Debug|Any CPU
		{C09FB50D-47EB-4B3F-AD59-3FB601B02B8D}.Release|Any CPU.ActiveCfg = Release|Any CPU
		{C09FB50D-47EB-4B3F-AD59-3FB601B02B8D}.Release|Any CPU.Build.0 = Release|Any CPU
	EndGlobalSection
	GlobalSection(SolutionProperties) = preSolution
		HideSolutionNode = FALSE
	EndGlobalSection
	GlobalSection(ExtensibilityGlobals) = postSolution
		SolutionGuid = {CE3884ED-D811-4198-B5C1-B500EEFDAFE1}
	EndGlobalSection
EndGlobal
